
Microsoft Visual Studio Solution File, Format Version 12.00
# Visual Studio Version 17
VisualStudioVersion = 17.0.31903.59
MinimumVisualStudioVersion = 10.0.40219.1
Project("{FAE04EC0-301F-11D3-BF4B-00C04F79EFBC}") = "Zarife.API", "Zarife.API\Zarife.API.csproj", "{EDC29665-96D4-443D-9D04-E30BC0EC86E8}"
EndProject
Project("{FAE04EC0-301F-11D3-BF4B-00C04F79EFBC}") = "Zarife.Core", "Zarife.Core\Zarife.Core.csproj", "{8D67F653-E80F-4F67-B4CB-1039C59192D2}"
EndProject
Project("{FAE04EC0-301F-11D3-BF4B-00C04F79EFBC}") = "Zarife.Infrastructure", "Zarife.Infrastructure\Zarife.Infrastructure.csproj", "{B767544E-1B45-474F-92F2-4ADA590981C0}"
EndProject
Global
	GlobalSection(SolutionConfigurationPlatforms) = preSolution
		Debug|Any CPU = Debug|Any CPU
		Debug|x64 = Debug|x64
		Debug|x86 = Debug|x86
		Release|Any CPU = Release|Any CPU
		Release|x64 = Release|x64
		Release|x86 = Release|x86
	EndGlobalSection
	GlobalSection(ProjectConfigurationPlatforms) = postSolution
		{EDC29665-96D4-443D-9D04-E30BC0EC86E8}.Debug|Any CPU.ActiveCfg = Debug|Any CPU
		{EDC29665-96D4-443D-9D04-E30BC0EC86E8}.Debug|Any CPU.Build.0 = Debug|Any CPU
		{EDC29665-96D4-443D-9D04-E30BC0EC86E8}.Debug|x64.ActiveCfg = Debug|Any CPU
		{EDC29665-96D4-443D-9D04-E30BC0EC86E8}.Debug|x64.Build.0 = Debug|Any CPU
		{EDC29665-96D4-443D-9D04-E30BC0EC86E8}.Debug|x86.ActiveCfg = Debug|Any CPU
		{EDC29665-96D4-443D-9D04-E30BC0EC86E8}.Debug|x86.Build.0 = Debug|Any CPU
		{EDC29665-96D4-443D-9D04-E30BC0EC86E8}.Release|Any CPU.ActiveCfg = Release|Any CPU
		{EDC29665-96D4-443D-9D04-E30BC0EC86E8}.Release|Any CPU.Build.0 = Release|Any CPU
		{EDC29665-96D4-443D-9D04-E30BC0EC86E8}.Release|x64.ActiveCfg = Release|Any CPU
		{EDC29665-96D4-443D-9D04-E30BC0EC86E8}.Release|x64.Build.0 = Release|Any CPU
		{EDC29665-96D4-443D-9D04-E30BC0EC86E8}.Release|x86.ActiveCfg = Release|Any CPU
		{EDC29665-96D4-443D-9D04-E30BC0EC86E8}.Release|x86.Build.0 = Release|Any CPU
		{8D67F653-E80F-4F67-B4CB-1039C59192D2}.Debug|Any CPU.ActiveCfg = Debug|Any CPU
		{8D67F653-E80F-4F67-B4CB-1039C59192D2}.Debug|Any CPU.Build.0 = Debug|Any CPU
		{8D67F653-E80F-4F67-B4CB-1039C59192D2}.Debug|x64.ActiveCfg = Debug|Any CPU
		{8D67F653-E80F-4F67-B4CB-1039C59192D2}.Debug|x64.Build.0 = Debug|Any CPU
		{8D67F653-E80F-4F67-B4CB-1039C59192D2}.Debug|x86.ActiveCfg = Debug|Any CPU
		{8D67F653-E80F-4F67-B4CB-1039C59192D2}.Debug|x86.Build.0 = Debug|Any CPU
		{8D67F653-E80F-4F67-B4CB-1039C59192D2}.Release|Any CPU.ActiveCfg = Release|Any CPU
		{8D67F653-E80F-4F67-B4CB-1039C59192D2}.Release|Any CPU.Build.0 = Release|Any CPU
		{8D67F653-E80F-4F67-B4CB-1039C59192D2}.Release|x64.ActiveCfg = Release|Any CPU
		{8D67F653-E80F-4F67-B4CB-1039C59192D2}.Release|x64.Build.0 = Release|Any CPU
		{8D67F653-E80F-4F67-B4CB-1039C59192D2}.Release|x86.ActiveCfg = Release|Any CPU
		{8D67F653-E80F-4F67-B4CB-1039C59192D2}.Release|x86.Build.0 = Release|Any CPU
		{B767544E-1B45-474F-92F2-4ADA590981C0}.Debug|Any CPU.ActiveCfg = Debug|Any CPU
		{B767544E-1B45-474F-92F2-4ADA590981C0}.Debug|Any CPU.Build.0 = Debug|Any CPU
		{B767544E-1B45-474F-92F2-4ADA590981C0}.Debug|x64.ActiveCfg = Debug|Any CPU
		{B767544E-1B45-474F-92F2-4ADA590981C0}.Debug|x64.Build.0 = Debug|Any CPU
		{B767544E-1B45-474F-92F2-4ADA590981C0}.Debug|x86.ActiveCfg = Debug|Any CPU
		{B767544E-1B45-474F-92F2-4ADA590981C0}.Debug|x86.Build.0 = Debug|Any CPU
		{B767544E-1B45-474F-92F2-4ADA590981C0}.Release|Any CPU.ActiveCfg = Release|Any CPU
		{B767544E-1B45-474F-92F2-4ADA590981C0}.Release|Any CPU.Build.0 = Release|Any CPU
		{B767544E-1B45-474F-92F2-4ADA590981C0}.Release|x64.ActiveCfg = Release|Any CPU
		{B767544E-1B45-474F-92F2-4ADA590981C0}.Release|x64.Build.0 = Release|Any CPU
		{B767544E-1B45-474F-92F2-4ADA590981C0}.Release|x86.ActiveCfg = Release|Any CPU
		{B767544E-1B45-474F-92F2-4ADA590981C0}.Release|x86.Build.0 = Release|Any CPU
	EndGlobalSection
	GlobalSection(SolutionProperties) = preSolution
		HideSolutionNode = FALSE
	EndGlobalSection
EndGlobal
